
Microsoft Visual Studio Solution File, Format Version 12.00
# Visual Studio Version 17
VisualStudioVersion = 17.14.36327.8 d17.14
MinimumVisualStudioVersion = 10.0.40219.1
Project("{FAE04EC0-301F-11D3-BF4B-00C04F79EFBC}") = "classLib", "classLib.csproj", "{F9FCBD63-6A29-DAFC-AE74-A3EE622E6120}"
EndProject
Global
	GlobalSection(SolutionConfigurationPlatforms) = preSolution
		Debug|Any CPU = Debug|Any CPU
		Release|Any CPU = Release|Any CPU
	EndGlobalSection
	GlobalSection(ProjectConfigurationPlatforms) = postSolution
		{F9FCBD63-6A29-DAFC-AE74-A3EE622E6120}.Debug|Any CPU.ActiveCfg = Debug|Any CPU
		{F9FCBD63-6A29-DAFC-AE74-A3EE622E6120}.Debug|Any CPU.Build.0 = Debug|Any CPU
		{F9FCBD63-6A29-DAFC-AE74-A3EE622E6120}.Release|Any CPU.ActiveCfg = Release|Any CPU
		{F9FCBD63-6A29-DAFC-AE74-A3EE622E6120}.Release|Any CPU.Build.0 = Release|Any CPU
	EndGlobalSection
	GlobalSection(SolutionProperties) = preSolution
		HideSolutionNode = FALSE
	EndGlobalSection
	GlobalSection(ExtensibilityGlobals) = postSolution
		SolutionGuid = {0ACD3144-7A8B-4AD0-BC1C-EA53C5C791A4}
	EndGlobalSection
EndGlobal
